
Microsoft Visual Studio Solution File, Format Version 12.00
# Visual Studio Version 17
VisualStudioVersion = 17.8.34525.116
MinimumVisualStudioVersion = 10.0.40219.1
Project("{FAE04EC0-301F-11D3-BF4B-00C04F79EFBC}") = "Transactions.Android", "Transactions\Transactions.Android\Transactions.Android.csproj", "{12A44D7F-2329-4B6F-A02D-3CB062BB960D}"
EndProject
Project("{FAE04EC0-301F-11D3-BF4B-00C04F79EFBC}") = "Transactions.iOS", "Transactions\Transactions.iOS\Transactions.iOS.csproj", "{7F6522DD-7224-43D5-9275-DB69E12EBCEF}"
EndProject
Project("{FAE04EC0-301F-11D3-BF4B-00C04F79EFBC}") = "Transactions", "Transactions\Transactions\Transactions.csproj", "{69BAAAED-B124-412D-A3C2-0FC84CBE6E39}"
EndProject
Global
	GlobalSection(SolutionConfigurationPlatforms) = preSolution
		Debug|Any CPU = Debug|Any CPU
		Debug|iPhone = Debug|iPhone
		Debug|iPhoneSimulator = Debug|iPhoneSimulator
		Release|Any CPU = Release|Any CPU
		Release|iPhone = Release|iPhone
		Release|iPhoneSimulator = Release|iPhoneSimulator
	EndGlobalSection
	GlobalSection(ProjectConfigurationPlatforms) = postSolution
		{12A44D7F-2329-4B6F-A02D-3CB062BB960D}.Debug|Any CPU.ActiveCfg = Debug|Any CPU
		{12A44D7F-2329-4B6F-A02D-3CB062BB960D}.Debug|Any CPU.Build.0 = Debug|Any CPU
		{12A44D7F-2329-4B6F-A02D-3CB062BB960D}.Debug|Any CPU.Deploy.0 = Debug|Any CPU
		{12A44D7F-2329-4B6F-A02D-3CB062BB960D}.Debug|iPhone.ActiveCfg = Debug|Any CPU
		{12A44D7F-2329-4B6F-A02D-3CB062BB960D}.Debug|iPhone.Build.0 = Debug|Any CPU
		{12A44D7F-2329-4B6F-A02D-3CB062BB960D}.Debug|iPhone.Deploy.0 = Debug|Any CPU
		{12A44D7F-2329-4B6F-A02D-3CB062BB960D}.Debug|iPhoneSimulator.ActiveCfg = Debug|Any CPU
		{12A44D7F-2329-4B6F-A02D-3CB062BB960D}.Debug|iPhoneSimulator.Build.0 = Debug|Any CPU
		{12A44D7F-2329-4B6F-A02D-3CB062BB960D}.Debug|iPhoneSimulator.Deploy.0 = Debug|Any CPU
		{12A44D7F-2329-4B6F-A02D-3CB062BB960D}.Release|Any CPU.ActiveCfg = Release|Any CPU
		{12A44D7F-2329-4B6F-A02D-3CB062BB960D}.Release|Any CPU.Build.0 = Release|Any CPU
		{12A44D7F-2329-4B6F-A02D-3CB062BB960D}.Release|Any CPU.Deploy.0 = Release|Any CPU
		{12A44D7F-2329-4B6F-A02D-3CB062BB960D}.Release|iPhone.ActiveCfg = Release|Any CPU
		{12A44D7F-2329-4B6F-A02D-3CB062BB960D}.Release|iPhone.Build.0 = Release|Any CPU
		{12A44D7F-2329-4B6F-A02D-3CB062BB960D}.Release|iPhone.Deploy.0 = Release|Any CPU
		{12A44D7F-2329-4B6F-A02D-3CB062BB960D}.Release|iPhoneSimulator.ActiveCfg = Release|Any CPU
		{12A44D7F-2329-4B6F-A02D-3CB062BB960D}.Release|iPhoneSimulator.Build.0 = Release|Any CPU
		{12A44D7F-2329-4B6F-A02D-3CB062BB960D}.Release|iPhoneSimulator.Deploy.0 = Release|Any CPU
		{7F6522DD-7224-43D5-9275-DB69E12EBCEF}.Debug|Any CPU.ActiveCfg = Debug|iPhone
		{7F6522DD-7224-43D5-9275-DB69E12EBCEF}.Debug|Any CPU.Build.0 = Debug|iPhone
		{7F6522DD-7224-43D5-9275-DB69E12EBCEF}.Debug|Any CPU.Deploy.0 = Debug|iPhone
		{7F6522DD-7224-43D5-9275-DB69E12EBCEF}.Debug|iPhone.ActiveCfg = Debug|iPhone
		{7F6522DD-7224-43D5-9275-DB69E12EBCEF}.Debug|iPhone.Build.0 = Debug|iPhone
		{7F6522DD-7224-43D5-9275-DB69E12EBCEF}.Debug|iPhone.Deploy.0 = Debug|iPhone
		{7F6522DD-7224-43D5-9275-DB69E12EBCEF}.Debug|iPhoneSimulator.ActiveCfg = Debug|iPhoneSimulator
		{7F6522DD-7224-43D5-9275-DB69E12EBCEF}.Debug|iPhoneSimulator.Build.0 = Debug|iPhoneSimulator
		{7F6522DD-7224-43D5-9275-DB69E12EBCEF}.Debug|iPhoneSimulator.Deploy.0 = Debug|iPhoneSimulator
		{7F6522DD-7224-43D5-9275-DB69E12EBCEF}.Release|Any CPU.ActiveCfg = Release|iPhoneSimulator
		{7F6522DD-7224-43D5-9275-DB69E12EBCEF}.Release|Any CPU.Build.0 = Release|iPhoneSimulator
		{7F6522DD-7224-43D5-9275-DB69E12EBCEF}.Release|Any CPU.Deploy.0 = Release|iPhoneSimulator
		{7F6522DD-7224-43D5-9275-DB69E12EBCEF}.Release|iPhone.ActiveCfg = Release|iPhone
		{7F6522DD-7224-43D5-9275-DB69E12EBCEF}.Release|iPhone.Build.0 = Release|iPhone
		{7F6522DD-7224-43D5-9275-DB69E12EBCEF}.Release|iPhone.Deploy.0 = Release|iPhone
		{7F6522DD-7224-43D5-9275-DB69E12EBCEF}.Release|iPhoneSimulator.ActiveCfg = Release|iPhoneSimulator
		{7F6522DD-7224-43D5-9275-DB69E12EBCEF}.Release|iPhoneSimulator.Build.0 = Release|iPhoneSimulator
		{7F6522DD-7224-43D5-9275-DB69E12EBCEF}.Release|iPhoneSimulator.Deploy.0 = Release|iPhoneSimulator
		{69BAAAED-B124-412D-A3C2-0FC84CBE6E39}.Debug|Any CPU.ActiveCfg = Debug|Any CPU
		{69BAAAED-B124-412D-A3C2-0FC84CBE6E39}.Debug|Any CPU.Build.0 = Debug|Any CPU
		{69BAAAED-B124-412D-A3C2-0FC84CBE6E39}.Debug|Any CPU.Deploy.0 = Debug|Any CPU
		{69BAAAED-B124-412D-A3C2-0FC84CBE6E39}.Debug|iPhone.ActiveCfg = Debug|Any CPU
		{69BAAAED-B124-412D-A3C2-0FC84CBE6E39}.Debug|iPhone.Build.0 = Debug|Any CPU
		{69BAAAED-B124-412D-A3C2-0FC84CBE6E39}.Debug|iPhone.Deploy.0 = Debug|Any CPU
		{69BAAAED-B124-412D-A3C2-0FC84CBE6E39}.Debug|iPhoneSimulator.ActiveCfg = Debug|Any CPU
		{69BAAAED-B124-412D-A3C2-0FC84CBE6E39}.Debug|iPhoneSimulator.Build.0 = Debug|Any CPU
		{69BAAAED-B124-412D-A3C2-0FC84CBE6E39}.Debug|iPhoneSimulator.Deploy.0 = Debug|Any CPU
		{69BAAAED-B124-412D-A3C2-0FC84CBE6E39}.Release|Any CPU.ActiveCfg = Release|Any CPU
		{69BAAAED-B124-412D-A3C2-0FC84CBE6E39}.Release|Any CPU.Build.0 = Release|Any CPU
		{69BAAAED-B124-412D-A3C2-0FC84CBE6E39}.Release|Any CPU.Deploy.0 = Release|Any CPU
		{69BAAAED-B124-412D-A3C2-0FC84CBE6E39}.Release|iPhone.ActiveCfg = Release|Any CPU
		{69BAAAED-B124-412D-A3C2-0FC84CBE6E39}.Release|iPhone.Build.0 = Release|Any CPU
		{69BAAAED-B124-412D-A3C2-0FC84CBE6E39}.Release|iPhone.Deploy.0 = Release|Any CPU
		{69BAAAED-B124-412D-A3C2-0FC84CBE6E39}.Release|iPhoneSimulator.ActiveCfg = Release|Any CPU
		{69BAAAED-B124-412D-A3C2-0FC84CBE6E39}.Release|iPhoneSimulator.Build.0 = Release|Any CPU
		{69BAAAED-B124-412D-A3C2-0FC84CBE6E39}.Release|iPhoneSimulator.Deploy.0 = Release|Any CPU
	EndGlobalSection
	GlobalSection(SolutionProperties) = preSolution
		HideSolutionNode = FALSE
	EndGlobalSection
	GlobalSection(ExtensibilityGlobals) = postSolution
		SolutionGuid = {19D1B2CE-CB3A-4259-8AD0-D944E1668368}
	EndGlobalSection
EndGlobal
